// !$*UTF8*$!
{
	archiveVersion = 1;
	classes = {
	};
	objectVersion = 46;
	objects = {

/* Begin PBXBuildFile section */
		9B0785111679928D00BA6AD1 /* UIKit.framework in Frameworks */ = {isa = PBXBuildFile; fileRef = 9B0785101679928D00BA6AD1 /* UIKit.framework */; };
		9B0785131679928D00BA6AD1 /* Foundation.framework in Frameworks */ = {isa = PBXBuildFile; fileRef = 9B0785121679928D00BA6AD1 /* Foundation.framework */; };
		9B0785151679928D00BA6AD1 /* CoreGraphics.framework in Frameworks */ = {isa = PBXBuildFile; fileRef = 9B0785141679928D00BA6AD1 /* CoreGraphics.framework */; };
		9B07851B1679928D00BA6AD1 /* InfoPlist.strings in Resources */ = {isa = PBXBuildFile; fileRef = 9B0785191679928D00BA6AD1 /* InfoPlist.strings */; };
		9B07851D1679928D00BA6AD1 /* main.m in Sources */ = {isa = PBXBuildFile; fileRef = 9B07851C1679928D00BA6AD1 /* main.m */; };
		9B0785211679928D00BA6AD1 /* AppDelegate.m in Sources */ = {isa = PBXBuildFile; fileRef = 9B0785201679928D00BA6AD1 /* AppDelegate.m */; };
		9B0785231679928D00BA6AD1 /* Default.png in Resources */ = {isa = PBXBuildFile; fileRef = 9B0785221679928D00BA6AD1 /* Default.png */; };
		9B0785251679928D00BA6AD1 /* Default@2x.png in Resources */ = {isa = PBXBuildFile; fileRef = 9B0785241679928D00BA6AD1 /* Default@2x.png */; };
		9B0785271679928D00BA6AD1 /* Default-568h@2x.png in Resources */ = {isa = PBXBuildFile; fileRef = 9B0785261679928D00BA6AD1 /* Default-568h@2x.png */; };
		9B078532167992F900BA6AD1 /* ExampleViewController.m in Sources */ = {isa = PBXBuildFile; fileRef = 9B078531167992F900BA6AD1 /* ExampleViewController.m */; };
		9B07853C1679932F00BA6AD1 /* copy.png in Resources */ = {isa = PBXBuildFile; fileRef = 9B0785341679932F00BA6AD1 /* copy.png */; };
		9B07853D1679932F00BA6AD1 /* copy@2x.png in Resources */ = {isa = PBXBuildFile; fileRef = 9B0785351679932F00BA6AD1 /* copy@2x.png */; };
		9B07853E1679932F00BA6AD1 /* mail.png in Resources */ = {isa = PBXBuildFile; fileRef = 9B0785361679932F00BA6AD1 /* mail.png */; };
		9B07853F1679932F00BA6AD1 /* mail@2x.png in Resources */ = {isa = PBXBuildFile; fileRef = 9B0785371679932F00BA6AD1 /* mail@2x.png */; };
		9B0785401679932F00BA6AD1 /* print.png in Resources */ = {isa = PBXBuildFile; fileRef = 9B0785381679932F00BA6AD1 /* print.png */; };
		9B0785411679932F00BA6AD1 /* print@2x.png in Resources */ = {isa = PBXBuildFile; fileRef = 9B0785391679932F00BA6AD1 /* print@2x.png */; };
		9B0785421679932F00BA6AD1 /* sms.png in Resources */ = {isa = PBXBuildFile; fileRef = 9B07853A1679932F00BA6AD1 /* sms.png */; };
		9B0785431679932F00BA6AD1 /* sms@2x.png in Resources */ = {isa = PBXBuildFile; fileRef = 9B07853B1679932F00BA6AD1 /* sms@2x.png */; };
		9B07854A1679935F00BA6AD1 /* actionSheetCancel.png in Resources */ = {isa = PBXBuildFile; fileRef = 9B0785441679935F00BA6AD1 /* actionSheetCancel.png */; };
		9B07854B1679935F00BA6AD1 /* actionSheetCancel@2x.png in Resources */ = {isa = PBXBuildFile; fileRef = 9B0785451679935F00BA6AD1 /* actionSheetCancel@2x.png */; };
		9B07854C1679935F00BA6AD1 /* actionSheetCancelDown.png in Resources */ = {isa = PBXBuildFile; fileRef = 9B0785461679935F00BA6AD1 /* actionSheetCancelDown.png */; };
		9B07854D1679935F00BA6AD1 /* actionSheetCancelDown@2x.png in Resources */ = {isa = PBXBuildFile; fileRef = 9B0785471679935F00BA6AD1 /* actionSheetCancelDown@2x.png */; };
		9B07854E1679935F00BA6AD1 /* actionSheetDarkness.png in Resources */ = {isa = PBXBuildFile; fileRef = 9B0785481679935F00BA6AD1 /* actionSheetDarkness.png */; };
		9B07854F1679935F00BA6AD1 /* actionSheetDarkness@2x.png in Resources */ = {isa = PBXBuildFile; fileRef = 9B0785491679935F00BA6AD1 /* actionSheetDarkness@2x.png */; };
		9B078551167993B100BA6AD1 /* ExampleViewController.xib in Resources */ = {isa = PBXBuildFile; fileRef = 9B078550167993B000BA6AD1 /* ExampleViewController.xib */; };
		9B0785521679951900BA6AD1 /* ActionSheet.m in Sources */ = {isa = PBXBuildFile; fileRef = 9B07852E167992E800BA6AD1 /* ActionSheet.m */; };
		9B078553167995A100BA6AD1 /* ActionSheet.xib in Resources */ = {isa = PBXBuildFile; fileRef = 9B07852F167992E800BA6AD1 /* ActionSheet.xib */; };
/* End PBXBuildFile section */

/* Begin PBXFileReference section */
		9B07850C1679928D00BA6AD1 /* ActionSheet.app */ = {isa = PBXFileReference; explicitFileType = wrapper.application; includeInIndex = 0; path = ActionSheet.app; sourceTree = BUILT_PRODUCTS_DIR; };
		9B0785101679928D00BA6AD1 /* UIKit.framework */ = {isa = PBXFileReference; lastKnownFileType = wrapper.framework; name = UIKit.framework; path = System/Library/Frameworks/UIKit.framework; sourceTree = SDKROOT; };
		9B0785121679928D00BA6AD1 /* Foundation.framework */ = {isa = PBXFileReference; lastKnownFileType = wrapper.framework; name = Foundation.framework; path = System/Library/Frameworks/Foundation.framework; sourceTree = SDKROOT; };
		9B0785141679928D00BA6AD1 /* CoreGraphics.framework */ = {isa = PBXFileReference; lastKnownFileType = wrapper.framework; name = CoreGraphics.framework; path = System/Library/Frameworks/CoreGraphics.framework; sourceTree = SDKROOT; };
		9B0785181679928D00BA6AD1 /* ActionSheet-Info.plist */ = {isa = PBXFileReference; lastKnownFileType = text.plist.xml; path = "ActionSheet-Info.plist"; sourceTree = "<group>"; };
		9B07851A1679928D00BA6AD1 /* en */ = {isa = PBXFileReference; lastKnownFileType = text.plist.strings; name = en; path = en.lproj/InfoPlist.strings; sourceTree = "<group>"; };
		9B07851C1679928D00BA6AD1 /* main.m */ = {isa = PBXFileReference; lastKnownFileType = sourcecode.c.objc; path = main.m; sourceTree = "<group>"; };
		9B07851E1679928D00BA6AD1 /* ActionSheet-Prefix.pch */ = {isa = PBXFileReference; lastKnownFileType = sourcecode.c.h; path = "ActionSheet-Prefix.pch"; sourceTree = "<group>"; };
		9B07851F1679928D00BA6AD1 /* AppDelegate.h */ = {isa = PBXFileReference; lastKnownFileType = sourcecode.c.h; path = AppDelegate.h; sourceTree = "<group>"; };
		9B0785201679928D00BA6AD1 /* AppDelegate.m */ = {isa = PBXFileReference; lastKnownFileType = sourcecode.c.objc; path = AppDelegate.m; sourceTree = "<group>"; };
		9B0785221679928D00BA6AD1 /* Default.png */ = {isa = PBXFileReference; lastKnownFileType = image.png; path = Default.png; sourceTree = "<group>"; };
		9B0785241679928D00BA6AD1 /* Default@2x.png */ = {isa = PBXFileReference; lastKnownFileType = image.png; path = "Default@2x.png"; sourceTree = "<group>"; };
		9B0785261679928D00BA6AD1 /* Default-568h@2x.png */ = {isa = PBXFileReference; lastKnownFileType = image.png; path = "Default-568h@2x.png"; sourceTree = "<group>"; };
		9B07852D167992E800BA6AD1 /* ActionSheet.h */ = {isa = PBXFileReference; lastKnownFileType = sourcecode.c.h; path = ActionSheet.h; sourceTree = "<group>"; };
		9B07852E167992E800BA6AD1 /* ActionSheet.m */ = {isa = PBXFileReference; lastKnownFileType = sourcecode.c.objc; path = ActionSheet.m; sourceTree = "<group>"; };
		9B07852F167992E800BA6AD1 /* ActionSheet.xib */ = {isa = PBXFileReference; lastKnownFileType = file.xib; path = ActionSheet.xib; sourceTree = "<group>"; };
		9B078530167992F900BA6AD1 /* ExampleViewController.h */ = {isa = PBXFileReference; fileEncoding = 4; lastKnownFileType = sourcecode.c.h; path = ExampleViewController.h; sourceTree = "<group>"; };
		9B078531167992F900BA6AD1 /* ExampleViewController.m */ = {isa = PBXFileReference; fileEncoding = 4; lastKnownFileType = sourcecode.c.objc; path = ExampleViewController.m; sourceTree = "<group>"; };
		9B0785341679932F00BA6AD1 /* copy.png */ = {isa = PBXFileReference; lastKnownFileType = image.png; path = copy.png; sourceTree = "<group>"; };
		9B0785351679932F00BA6AD1 /* copy@2x.png */ = {isa = PBXFileReference; lastKnownFileType = image.png; path = "copy@2x.png"; sourceTree = "<group>"; };
		9B0785361679932F00BA6AD1 /* mail.png */ = {isa = PBXFileReference; lastKnownFileType = image.png; path = mail.png; sourceTree = "<group>"; };
		9B0785371679932F00BA6AD1 /* mail@2x.png */ = {isa = PBXFileReference; lastKnownFileType = image.png; path = "mail@2x.png"; sourceTree = "<group>"; };
		9B0785381679932F00BA6AD1 /* print.png */ = {isa = PBXFileReference; lastKnownFileType = image.png; path = print.png; sourceTree = "<group>"; };
		9B0785391679932F00BA6AD1 /* print@2x.png */ = {isa = PBXFileReference; lastKnownFileType = image.png; path = "print@2x.png"; sourceTree = "<group>"; };
		9B07853A1679932F00BA6AD1 /* sms.png */ = {isa = PBXFileReference; lastKnownFileType = image.png; path = sms.png; sourceTree = "<group>"; };
		9B07853B1679932F00BA6AD1 /* sms@2x.png */ = {isa = PBXFileReference; lastKnownFileType = image.png; path = "sms@2x.png"; sourceTree = "<group>"; };
		9B0785441679935F00BA6AD1 /* actionSheetCancel.png */ = {isa = PBXFileReference; lastKnownFileType = image.png; path = actionSheetCancel.png; sourceTree = "<group>"; };
		9B0785451679935F00BA6AD1 /* actionSheetCancel@2x.png */ = {isa = PBXFileReference; lastKnownFileType = image.png; path = "actionSheetCancel@2x.png"; sourceTree = "<group>"; };
		9B0785461679935F00BA6AD1 /* actionSheetCancelDown.png */ = {isa = PBXFileReference; lastKnownFileType = image.png; path = actionSheetCancelDown.png; sourceTree = "<group>"; };
		9B0785471679935F00BA6AD1 /* actionSheetCancelDown@2x.png */ = {isa = PBXFileReference; lastKnownFileType = image.png; path = "actionSheetCancelDown@2x.png"; sourceTree = "<group>"; };
		9B0785481679935F00BA6AD1 /* actionSheetDarkness.png */ = {isa = PBXFileReference; lastKnownFileType = image.png; path = actionSheetDarkness.png; sourceTree = "<group>"; };
		9B0785491679935F00BA6AD1 /* actionSheetDarkness@2x.png */ = {isa = PBXFileReference; lastKnownFileType = image.png; path = "actionSheetDarkness@2x.png"; sourceTree = "<group>"; };
		9B078550167993B000BA6AD1 /* ExampleViewController.xib */ = {isa = PBXFileReference; fileEncoding = 4; lastKnownFileType = file.xib; path = ExampleViewController.xib; sourceTree = "<group>"; };
/* End PBXFileReference section */

/* Begin PBXFrameworksBuildPhase section */
		9B0785091679928D00BA6AD1 /* Frameworks */ = {
			isa = PBXFrameworksBuildPhase;
			buildActionMask = 2147483647;
			files = (
				9B0785111679928D00BA6AD1 /* UIKit.framework in Frameworks */,
				9B0785131679928D00BA6AD1 /* Foundation.framework in Frameworks */,
				9B0785151679928D00BA6AD1 /* CoreGraphics.framework in Frameworks */,
			);
			runOnlyForDeploymentPostprocessing = 0;
		};
/* End PBXFrameworksBuildPhase section */

/* Begin PBXGroup section */
		9B0785011679928D00BA6AD1 = {
			isa = PBXGroup;
			children = (
				9B0785161679928D00BA6AD1 /* ActionSheet */,
				9B07850F1679928D00BA6AD1 /* Frameworks */,
				9B07850D1679928D00BA6AD1 /* Products */,
			);
			sourceTree = "<group>";
		};
		9B07850D1679928D00BA6AD1 /* Products */ = {
			isa = PBXGroup;
			children = (
				9B07850C1679928D00BA6AD1 /* ActionSheet.app */,
			);
			name = Products;
			sourceTree = "<group>";
		};
		9B07850F1679928D00BA6AD1 /* Frameworks */ = {
			isa = PBXGroup;
			children = (
				9B0785101679928D00BA6AD1 /* UIKit.framework */,
				9B0785121679928D00BA6AD1 /* Foundation.framework */,
				9B0785141679928D00BA6AD1 /* CoreGraphics.framework */,
			);
			name = Frameworks;
			sourceTree = "<group>";
		};
		9B0785161679928D00BA6AD1 /* ActionSheet */ = {
			isa = PBXGroup;
			children = (
				9B0785331679930800BA6AD1 /* Resources */,
				9B0785171679928D00BA6AD1 /* Supporting Files */,
				9B07852D167992E800BA6AD1 /* ActionSheet.h */,
				9B07852E167992E800BA6AD1 /* ActionSheet.m */,
				9B07852F167992E800BA6AD1 /* ActionSheet.xib */,
				9B078530167992F900BA6AD1 /* ExampleViewController.h */,
				9B078531167992F900BA6AD1 /* ExampleViewController.m */,
				9B078550167993B000BA6AD1 /* ExampleViewController.xib */,
			);
			path = ActionSheet;
			sourceTree = "<group>";
		};
		9B0785171679928D00BA6AD1 /* Supporting Files */ = {
			isa = PBXGroup;
			children = (
				9B07851F1679928D00BA6AD1 /* AppDelegate.h */,
				9B0785201679928D00BA6AD1 /* AppDelegate.m */,
				9B0785181679928D00BA6AD1 /* ActionSheet-Info.plist */,
				9B0785191679928D00BA6AD1 /* InfoPlist.strings */,
				9B07851C1679928D00BA6AD1 /* main.m */,
				9B07851E1679928D00BA6AD1 /* ActionSheet-Prefix.pch */,
				9B0785221679928D00BA6AD1 /* Default.png */,
				9B0785241679928D00BA6AD1 /* Default@2x.png */,
				9B0785261679928D00BA6AD1 /* Default-568h@2x.png */,
			);
			name = "Supporting Files";
			sourceTree = "<group>";
		};
		9B0785331679930800BA6AD1 /* Resources */ = {
			isa = PBXGroup;
			children = (
				9B0785441679935F00BA6AD1 /* actionSheetCancel.png */,
				9B0785451679935F00BA6AD1 /* actionSheetCancel@2x.png */,
				9B0785461679935F00BA6AD1 /* actionSheetCancelDown.png */,
				9B0785471679935F00BA6AD1 /* actionSheetCancelDown@2x.png */,
				9B0785481679935F00BA6AD1 /* actionSheetDarkness.png */,
				9B0785491679935F00BA6AD1 /* actionSheetDarkness@2x.png */,
				9B0785341679932F00BA6AD1 /* copy.png */,
				9B0785351679932F00BA6AD1 /* copy@2x.png */,
				9B0785361679932F00BA6AD1 /* mail.png */,
				9B0785371679932F00BA6AD1 /* mail@2x.png */,
				9B0785381679932F00BA6AD1 /* print.png */,
				9B0785391679932F00BA6AD1 /* print@2x.png */,
				9B07853A1679932F00BA6AD1 /* sms.png */,
				9B07853B1679932F00BA6AD1 /* sms@2x.png */,
			);
			name = Resources;
			sourceTree = "<group>";
		};
/* End PBXGroup section */

/* Begin PBXNativeTarget section */
		9B07850B1679928D00BA6AD1 /* ActionSheet */ = {
			isa = PBXNativeTarget;
			buildConfigurationList = 9B07852A1679928D00BA6AD1 /* Build configuration list for PBXNativeTarget "ActionSheet" */;
			buildPhases = (
				9B0785081679928D00BA6AD1 /* Sources */,
				9B0785091679928D00BA6AD1 /* Frameworks */,
				9B07850A1679928D00BA6AD1 /* Resources */,
			);
			buildRules = (
			);
			dependencies = (
			);
			name = ActionSheet;
			productName = ActionSheet;
			productReference = 9B07850C1679928D00BA6AD1 /* ActionSheet.app */;
			productType = "com.apple.product-type.application";
		};
/* End PBXNativeTarget section */

/* Begin PBXProject section */
		9B0785031679928D00BA6AD1 /* Project object */ = {
			isa = PBXProject;
			attributes = {
				LastUpgradeCheck = 0450;
				ORGANIZATIONNAME = kezzi.co;
			};
			buildConfigurationList = 9B0785061679928D00BA6AD1 /* Build configuration list for PBXProject "ActionSheet" */;
			compatibilityVersion = "Xcode 3.2";
			developmentRegion = English;
			hasScannedForEncodings = 0;
			knownRegions = (
				en,
			);
			mainGroup = 9B0785011679928D00BA6AD1;
			productRefGroup = 9B07850D1679928D00BA6AD1 /* Products */;
			projectDirPath = "";
			projectRoot = "";
			targets = (
				9B07850B1679928D00BA6AD1 /* ActionSheet */,
			);
		};
/* End PBXProject section */

/* Begin PBXResourcesBuildPhase section */
		9B07850A1679928D00BA6AD1 /* Resources */ = {
			isa = PBXResourcesBuildPhase;
			buildActionMask = 2147483647;
			files = (
				9B07851B1679928D00BA6AD1 /* InfoPlist.strings in Resources */,
				9B0785231679928D00BA6AD1 /* Default.png in Resources */,
				9B0785251679928D00BA6AD1 /* Default@2x.png in Resources */,
				9B0785271679928D00BA6AD1 /* Default-568h@2x.png in Resources */,
				9B07853C1679932F00BA6AD1 /* copy.png in Resources */,
				9B07853D1679932F00BA6AD1 /* copy@2x.png in Resources */,
				9B07853E1679932F00BA6AD1 /* mail.png in Resources */,
				9B07853F1679932F00BA6AD1 /* mail@2x.png in Resources */,
				9B0785401679932F00BA6AD1 /* print.png in Resources */,
				9B0785411679932F00BA6AD1 /* print@2x.png in Resources */,
				9B0785421679932F00BA6AD1 /* sms.png in Resources */,
				9B0785431679932F00BA6AD1 /* sms@2x.png in Resources */,
				9B07854A1679935F00BA6AD1 /* actionSheetCancel.png in Resources */,
				9B07854B1679935F00BA6AD1 /* actionSheetCancel@2x.png in Resources */,
				9B07854C1679935F00BA6AD1 /* actionSheetCancelDown.png in Resources */,
				9B07854D1679935F00BA6AD1 /* actionSheetCancelDown@2x.png in Resources */,
				9B07854E1679935F00BA6AD1 /* actionSheetDarkness.png in Resources */,
				9B07854F1679935F00BA6AD1 /* actionSheetDarkness@2x.png in Resources */,
				9B078551167993B100BA6AD1 /* ExampleViewController.xib in Resources */,
				9B078553167995A100BA6AD1 /* ActionSheet.xib in Resources */,
			);
			runOnlyForDeploymentPostprocessing = 0;
		};
/* End PBXResourcesBuildPhase section */

/* Begin PBXSourcesBuildPhase section */
		9B0785081679928D00BA6AD1 /* Sources */ = {
			isa = PBXSourcesBuildPhase;
			buildActionMask = 2147483647;
			files = (
				9B07851D1679928D00BA6AD1 /* main.m in Sources */,
				9B0785211679928D00BA6AD1 /* AppDelegate.m in Sources */,
				9B078532167992F900BA6AD1 /* ExampleViewController.m in Sources */,
				9B0785521679951900BA6AD1 /* ActionSheet.m in Sources */,
			);
			runOnlyForDeploymentPostprocessing = 0;
		};
/* End PBXSourcesBuildPhase section */

/* Begin PBXVariantGroup section */
		9B0785191679928D00BA6AD1 /* InfoPlist.strings */ = {
			isa = PBXVariantGroup;
			children = (
				9B07851A1679928D00BA6AD1 /* en */,
			);
			name = InfoPlist.strings;
			sourceTree = "<group>";
		};
/* End PBXVariantGroup section */

/* Begin XCBuildConfiguration section */
		9B0785281679928D00BA6AD1 /* Debug */ = {
			isa = XCBuildConfiguration;
			buildSettings = {
				ALWAYS_SEARCH_USER_PATHS = NO;
				CLANG_CXX_LANGUAGE_STANDARD = "gnu++0x";
				CLANG_CXX_LIBRARY = "libc++";
				CLANG_WARN_EMPTY_BODY = YES;
				CLANG_WARN__DUPLICATE_METHOD_MATCH = YES;
				"CODE_SIGN_IDENTITY[sdk=iphoneos*]" = "iPhone Developer";
				COPY_PHASE_STRIP = NO;
				GCC_C_LANGUAGE_STANDARD = gnu99;
				GCC_DYNAMIC_NO_PIC = NO;
				GCC_OPTIMIZATION_LEVEL = 0;
				GCC_PREPROCESSOR_DEFINITIONS = (
					"DEBUG=1",
					"$(inherited)",
				);
				GCC_SYMBOLS_PRIVATE_EXTERN = NO;
				GCC_WARN_ABOUT_RETURN_TYPE = YES;
				GCC_WARN_UNINITIALIZED_AUTOS = YES;
				GCC_WARN_UNUSED_VARIABLE = YES;
				IPHONEOS_DEPLOYMENT_TARGET = 6.0;
				ONLY_ACTIVE_ARCH = YES;
				SDKROOT = iphoneos;
			};
			name = Debug;
		};
		9B0785291679928D00BA6AD1 /* Release */ = {
			isa = XCBuildConfiguration;
			buildSettings = {
				ALWAYS_SEARCH_USER_PATHS = NO;
				CLANG_CXX_LANGUAGE_STANDARD = "gnu++0x";
				CLANG_CXX_LIBRARY = "libc++";
				CLANG_WARN_EMPTY_BODY = YES;
				CLANG_WARN__DUPLICATE_METHOD_MATCH = YES;
				"CODE_SIGN_IDENTITY[sdk=iphoneos*]" = "iPhone Developer";
				COPY_PHASE_STRIP = YES;
				GCC_C_LANGUAGE_STANDARD = gnu99;
				GCC_WARN_ABOUT_RETURN_TYPE = YES;
				GCC_WARN_UNINITIALIZED_AUTOS = YES;
				GCC_WARN_UNUSED_VARIABLE = YES;
				IPHONEOS_DEPLOYMENT_TARGET = 6.0;
				OTHER_CFLAGS = "-DNS_BLOCK_ASSERTIONS=1";
				SDKROOT = iphoneos;
				VALIDATE_PRODUCT = YES;
			};
			name = Release;
		};
		9B07852B1679928D00BA6AD1 /* Debug */ = {
			isa = XCBuildConfiguration;
			buildSettings = {
				GCC_PRECOMPILE_PREFIX_HEADER = YES;
				GCC_PREFIX_HEADER = "ActionSheet/ActionSheet-Prefix.pch";
				INFOPLIST_FILE = "ActionSheet/ActionSheet-Info.plist";
				PRODUCT_NAME = "$(TARGET_NAME)";
				WRAPPER_EXTENSION = app;
			};
			name = Debug;
		};
		9B07852C1679928D00BA6AD1 /* Release */ = {
			isa = XCBuildConfiguration;
			buildSettings = {
				GCC_PRECOMPILE_PREFIX_HEADER = YES;
				GCC_PREFIX_HEADER = "ActionSheet/ActionSheet-Prefix.pch";
				INFOPLIST_FILE = "ActionSheet/ActionSheet-Info.plist";
				PRODUCT_NAME = "$(TARGET_NAME)";
				WRAPPER_EXTENSION = app;
			};
			name = Release;
		};
/* End XCBuildConfiguration section */

/* Begin XCConfigurationList section */
		9B0785061679928D00BA6AD1 /* Build configuration list for PBXProject "ActionSheet" */ = {
			isa = XCConfigurationList;
			buildConfigurations = (
				9B0785281679928D00BA6AD1 /* Debug */,
				9B0785291679928D00BA6AD1 /* Release */,
			);
			defaultConfigurationIsVisible = 0;
			defaultConfigurationName = Release;
		};
		9B07852A1679928D00BA6AD1 /* Build configuration list for PBXNativeTarget "ActionSheet" */ = {
			isa = XCConfigurationList;
			buildConfigurations = (
				9B07852B1679928D00BA6AD1 /* Debug */,
				9B07852C1679928D00BA6AD1 /* Release */,
			);
			defaultConfigurationIsVisible = 0;
		};
/* End XCConfigurationList section */
	};
	rootObject = 9B0785031679928D00BA6AD1 /* Project object */;
}
